// !$*UTF8*$!
{
	archiveVersion = 1;
	classes = {
	};
	objectVersion = 46;
	objects = {

/* Begin PBXBuildFile section */
		C6466DB21D24E2800040FA50 /* IngredientesViewController.swift in Sources */ = {isa = PBXBuildFile; fileRef = C6466DB11D24E2800040FA50 /* IngredientesViewController.swift */; };
		C6466DB41D2572010040FA50 /* Modelo.swift in Sources */ = {isa = PBXBuildFile; fileRef = C6466DB31D2572010040FA50 /* Modelo.swift */; };
		C6466DB61D25C3AC0040FA50 /* ConfirmacionViewController.swift in Sources */ = {isa = PBXBuildFile; fileRef = C6466DB51D25C3AC0040FA50 /* ConfirmacionViewController.swift */; };
		C6466DBA1D25D6C40040FA50 /* FinishViewController.swift in Sources */ = {isa = PBXBuildFile; fileRef = C6466DB91D25D6C40040FA50 /* FinishViewController.swift */; };
		C6D6534B1D1F045A00EA94E1 /* AppDelegate.swift in Sources */ = {isa = PBXBuildFile; fileRef = C6D6534A1D1F045A00EA94E1 /* AppDelegate.swift */; };
		C6D6534D1D1F045A00EA94E1 /* ViewController.swift in Sources */ = {isa = PBXBuildFile; fileRef = C6D6534C1D1F045A00EA94E1 /* ViewController.swift */; };
		C6D653501D1F045A00EA94E1 /* Main.storyboard in Resources */ = {isa = PBXBuildFile; fileRef = C6D6534E1D1F045A00EA94E1 /* Main.storyboard */; };
		C6D653521D1F045A00EA94E1 /* Assets.xcassets in Resources */ = {isa = PBXBuildFile; fileRef = C6D653511D1F045A00EA94E1 /* Assets.xcassets */; };
		C6D653551D1F045A00EA94E1 /* LaunchScreen.storyboard in Resources */ = {isa = PBXBuildFile; fileRef = C6D653531D1F045A00EA94E1 /* LaunchScreen.storyboard */; };
		C6D6535D1D1F4BD000EA94E1 /* SizeViewController.swift in Sources */ = {isa = PBXBuildFile; fileRef = C6D6535C1D1F4BD000EA94E1 /* SizeViewController.swift */; };
		C6D6535F1D21CC8300EA94E1 /* MasaViewController.swift in Sources */ = {isa = PBXBuildFile; fileRef = C6D6535E1D21CC8300EA94E1 /* MasaViewController.swift */; };
		C6D653611D21D57600EA94E1 /* QuesoViewController.swift in Sources */ = {isa = PBXBuildFile; fileRef = C6D653601D21D57600EA94E1 /* QuesoViewController.swift */; };
/* End PBXBuildFile section */

/* Begin PBXFileReference section */
		C6466DB11D24E2800040FA50 /* IngredientesViewController.swift */ = {isa = PBXFileReference; fileEncoding = 4; lastKnownFileType = sourcecode.swift; path = IngredientesViewController.swift; sourceTree = "<group>"; };
		C6466DB31D2572010040FA50 /* Modelo.swift */ = {isa = PBXFileReference; fileEncoding = 4; lastKnownFileType = sourcecode.swift; path = Modelo.swift; sourceTree = "<group>"; };
		C6466DB51D25C3AC0040FA50 /* ConfirmacionViewController.swift */ = {isa = PBXFileReference; fileEncoding = 4; lastKnownFileType = sourcecode.swift; path = ConfirmacionViewController.swift; sourceTree = "<group>"; };
		C6466DB91D25D6C40040FA50 /* FinishViewController.swift */ = {isa = PBXFileReference; fileEncoding = 4; lastKnownFileType = sourcecode.swift; path = FinishViewController.swift; sourceTree = "<group>"; };
		C6D653471D1F045A00EA94E1 /* PizzaApp.app */ = {isa = PBXFileReference; explicitFileType = wrapper.application; includeInIndex = 0; path = PizzaApp.app; sourceTree = BUILT_PRODUCTS_DIR; };
		C6D6534A1D1F045A00EA94E1 /* AppDelegate.swift */ = {isa = PBXFileReference; lastKnownFileType = sourcecode.swift; path = AppDelegate.swift; sourceTree = "<group>"; };
		C6D6534C1D1F045A00EA94E1 /* ViewController.swift */ = {isa = PBXFileReference; lastKnownFileType = sourcecode.swift; path = ViewController.swift; sourceTree = "<group>"; };
		C6D6534F1D1F045A00EA94E1 /* Base */ = {isa = PBXFileReference; lastKnownFileType = file.storyboard; name = Base; path = Base.lproj/Main.storyboard; sourceTree = "<group>"; };
		C6D653511D1F045A00EA94E1 /* Assets.xcassets */ = {isa = PBXFileReference; lastKnownFileType = folder.assetcatalog; path = Assets.xcassets; sourceTree = "<group>"; };
		C6D653541D1F045A00EA94E1 /* Base */ = {isa = PBXFileReference; lastKnownFileType = file.storyboard; name = Base; path = Base.lproj/LaunchScreen.storyboard; sourceTree = "<group>"; };
		C6D653561D1F045A00EA94E1 /* Info.plist */ = {isa = PBXFileReference; lastKnownFileType = text.plist.xml; path = Info.plist; sourceTree = "<group>"; };
		C6D6535C1D1F4BD000EA94E1 /* SizeViewController.swift */ = {isa = PBXFileReference; fileEncoding = 4; lastKnownFileType = sourcecode.swift; path = SizeViewController.swift; sourceTree = "<group>"; };
		C6D6535E1D21CC8300EA94E1 /* MasaViewController.swift */ = {isa = PBXFileReference; fileEncoding = 4; lastKnownFileType = sourcecode.swift; path = MasaViewController.swift; sourceTree = "<group>"; };
		C6D653601D21D57600EA94E1 /* QuesoViewController.swift */ = {isa = PBXFileReference; fileEncoding = 4; lastKnownFileType = sourcecode.swift; path = QuesoViewController.swift; sourceTree = "<group>"; };
/* End PBXFileReference section */

/* Begin PBXFrameworksBuildPhase section */
		C6D653441D1F045A00EA94E1 /* Frameworks */ = {
			isa = PBXFrameworksBuildPhase;
			buildActionMask = 2147483647;
			files = (
			);
			runOnlyForDeploymentPostprocessing = 0;
		};
/* End PBXFrameworksBuildPhase section */

/* Begin PBXGroup section */
		C6D6533E1D1F045A00EA94E1 = {
			isa = PBXGroup;
			children = (
				C6D653491D1F045A00EA94E1 /* PizzaApp */,
				C6D653481D1F045A00EA94E1 /* Products */,
			);
			sourceTree = "<group>";
		};
		C6D653481D1F045A00EA94E1 /* Products */ = {
			isa = PBXGroup;
			children = (
				C6D653471D1F045A00EA94E1 /* PizzaApp.app */,
			);
			name = Products;
			sourceTree = "<group>";
		};
		C6D653491D1F045A00EA94E1 /* PizzaApp */ = {
			isa = PBXGroup;
			children = (
				C6D6534A1D1F045A00EA94E1 /* AppDelegate.swift */,
				C6D6534C1D1F045A00EA94E1 /* ViewController.swift */,
				C6D6534E1D1F045A00EA94E1 /* Main.storyboard */,
				C6D653511D1F045A00EA94E1 /* Assets.xcassets */,
				C6D653531D1F045A00EA94E1 /* LaunchScreen.storyboard */,
				C6D653561D1F045A00EA94E1 /* Info.plist */,
				C6D6535C1D1F4BD000EA94E1 /* SizeViewController.swift */,
				C6D6535E1D21CC8300EA94E1 /* MasaViewController.swift */,
				C6D653601D21D57600EA94E1 /* QuesoViewController.swift */,
				C6466DB11D24E2800040FA50 /* IngredientesViewController.swift */,
				C6466DB31D2572010040FA50 /* Modelo.swift */,
				C6466DB51D25C3AC0040FA50 /* ConfirmacionViewController.swift */,
				C6466DB91D25D6C40040FA50 /* FinishViewController.swift */,
			);
			path = PizzaApp;
			sourceTree = "<group>";
		};
/* End PBXGroup section */

/* Begin PBXNativeTarget section */
		C6D653461D1F045A00EA94E1 /* PizzaApp */ = {
			isa = PBXNativeTarget;
			buildConfigurationList = C6D653591D1F045A00EA94E1 /* Build configuration list for PBXNativeTarget "PizzaApp" */;
			buildPhases = (
				C6D653431D1F045A00EA94E1 /* Sources */,
				C6D653441D1F045A00EA94E1 /* Frameworks */,
				C6D653451D1F045A00EA94E1 /* Resources */,
			);
			buildRules = (
			);
			dependencies = (
			);
			name = PizzaApp;
			productName = PizzaApp;
			productReference = C6D653471D1F045A00EA94E1 /* PizzaApp.app */;
			productType = "com.apple.product-type.application";
		};
/* End PBXNativeTarget section */

/* Begin PBXProject section */
		C6D6533F1D1F045A00EA94E1 /* Project object */ = {
			isa = PBXProject;
			attributes = {
				LastSwiftUpdateCheck = 0730;
				LastUpgradeCheck = 0730;
				ORGANIZATIONNAME = AlexGarcia;
				TargetAttributes = {
					C6D653461D1F045A00EA94E1 = {
						CreatedOnToolsVersion = 7.3.1;
					};
				};
			};
			buildConfigurationList = C6D653421D1F045A00EA94E1 /* Build configuration list for PBXProject "PizzaApp" */;
			compatibilityVersion = "Xcode 3.2";
			developmentRegion = English;
			hasScannedForEncodings = 0;
			knownRegions = (
				en,
				Base,
			);
			mainGroup = C6D6533E1D1F045A00EA94E1;
			productRefGroup = C6D653481D1F045A00EA94E1 /* Products */;
			projectDirPath = "";
			projectRoot = "";
			targets = (
				C6D653461D1F045A00EA94E1 /* PizzaApp */,
			);
		};
/* End PBXProject section */

/* Begin PBXResourcesBuildPhase section */
		C6D653451D1F045A00EA94E1 /* Resources */ = {
			isa = PBXResourcesBuildPhase;
			buildActionMask = 2147483647;
			files = (
				C6D653551D1F045A00EA94E1 /* LaunchScreen.storyboard in Resources */,
				C6D653521D1F045A00EA94E1 /* Assets.xcassets in Resources */,
				C6D653501D1F045A00EA94E1 /* Main.storyboard in Resources */,
			);
			runOnlyForDeploymentPostprocessing = 0;
		};
/* End PBXResourcesBuildPhase section */

/* Begin PBXSourcesBuildPhase section */
		C6D653431D1F045A00EA94E1 /* Sources */ = {
			isa = PBXSourcesBuildPhase;
			buildActionMask = 2147483647;
			files = (
				C6466DB41D2572010040FA50 /* Modelo.swift in Sources */,
				C6466DB21D24E2800040FA50 /* IngredientesViewController.swift in Sources */,
				C6466DBA1D25D6C40040FA50 /* FinishViewController.swift in Sources */,
				C6D6535F1D21CC8300EA94E1 /* MasaViewController.swift in Sources */,
				C6D6534D1D1F045A00EA94E1 /* ViewController.swift in Sources */,
				C6466DB61D25C3AC0040FA50 /* ConfirmacionViewController.swift in Sources */,
				C6D6535D1D1F4BD000EA94E1 /* SizeViewController.swift in Sources */,
				C6D6534B1D1F045A00EA94E1 /* AppDelegate.swift in Sources */,
				C6D653611D21D57600EA94E1 /* QuesoViewController.swift in Sources */,
			);
			runOnlyForDeploymentPostprocessing = 0;
		};
/* End PBXSourcesBuildPhase section */

/* Begin PBXVariantGroup section */
		C6D6534E1D1F045A00EA94E1 /* Main.storyboard */ = {
			isa = PBXVariantGroup;
			children = (
				C6D6534F1D1F045A00EA94E1 /* Base */,
			);
			name = Main.storyboard;
			sourceTree = "<group>";
		};
		C6D653531D1F045A00EA94E1 /* LaunchScreen.storyboard */ = {
			isa = PBXVariantGroup;
			children = (
				C6D653541D1F045A00EA94E1 /* Base */,
			);
			name = LaunchScreen.storyboard;
			sourceTree = "<group>";
		};
/* End PBXVariantGroup section */

/* Begin XCBuildConfiguration section */
		C6D653571D1F045A00EA94E1 /* Debug */ = {
			isa = XCBuildConfiguration;
			buildSettings = {
				ALWAYS_SEARCH_USER_PATHS = NO;
				CLANG_ANALYZER_NONNULL = YES;
				CLANG_CXX_LANGUAGE_STANDARD = "gnu++0x";
				CLANG_CXX_LIBRARY = "libc++";
				CLANG_ENABLE_MODULES = YES;
				CLANG_ENABLE_OBJC_ARC = YES;
				CLANG_WARN_BOOL_CONVERSION = YES;
				CLANG_WARN_CONSTANT_CONVERSION = YES;
				CLANG_WARN_DIRECT_OBJC_ISA_USAGE = YES_ERROR;
				CLANG_WARN_EMPTY_BODY = YES;
				CLANG_WARN_ENUM_CONVERSION = YES;
				CLANG_WARN_INT_CONVERSION = YES;
				CLANG_WARN_OBJC_ROOT_CLASS = YES_ERROR;
				CLANG_WARN_UNREACHABLE_CODE = YES;
				CLANG_WARN__DUPLICATE_METHOD_MATCH = YES;
				"CODE_SIGN_IDENTITY[sdk=iphoneos*]" = "iPhone Developer";
				COPY_PHASE_STRIP = NO;
				DEBUG_INFORMATION_FORMAT = dwarf;
				ENABLE_STRICT_OBJC_MSGSEND = YES;
				ENABLE_TESTABILITY = YES;
				GCC_C_LANGUAGE_STANDARD = gnu99;
				GCC_DYNAMIC_NO_PIC = NO;
				GCC_NO_COMMON_BLOCKS = YES;
				GCC_OPTIMIZATION_LEVEL = 0;
				GCC_PREPROCESSOR_DEFINITIONS = (
					"DEBUG=1",
					"$(inherited)",
				);
				GCC_WARN_64_TO_32_BIT_CONVERSION = YES;
				GCC_WARN_ABOUT_RETURN_TYPE = YES_ERROR;
				GCC_WARN_UNDECLARED_SELECTOR = YES;
				GCC_WARN_UNINITIALIZED_AUTOS = YES_AGGRESSIVE;
				GCC_WARN_UNUSED_FUNCTION = YES;
				GCC_WARN_UNUSED_VARIABLE = YES;
				IPHONEOS_DEPLOYMENT_TARGET = 9.3;
				MTL_ENABLE_DEBUG_INFO = YES;
				ONLY_ACTIVE_ARCH = YES;
				SDKROOT = iphoneos;
				SWIFT_OPTIMIZATION_LEVEL = "-Onone";
				TARGETED_DEVICE_FAMILY = "1,2";
			};
			name = Debug;
		};
		C6D653581D1F045A00EA94E1 /* Release */ = {
			isa = XCBuildConfiguration;
			buildSettings = {
				ALWAYS_SEARCH_USER_PATHS = NO;
				CLANG_ANALYZER_NONNULL = YES;
				CLANG_CXX_LANGUAGE_STANDARD = "gnu++0x";
				CLANG_CXX_LIBRARY = "libc++";
				CLANG_ENABLE_MODULES = YES;
				CLANG_ENABLE_OBJC_ARC = YES;
				CLANG_WARN_BOOL_CONVERSION = YES;
				CLANG_WARN_CONSTANT_CONVERSION = YES;
				CLANG_WARN_DIRECT_OBJC_ISA_USAGE = YES_ERROR;
				CLANG_WARN_EMPTY_BODY = YES;
				CLANG_WARN_ENUM_CONVERSION = YES;
				CLANG_WARN_INT_CONVERSION = YES;
				CLANG_WARN_OBJC_ROOT_CLASS = YES_ERROR;
				CLANG_WARN_UNREACHABLE_CODE = YES;
				CLANG_WARN__DUPLICATE_METHOD_MATCH = YES;
				"CODE_SIGN_IDENTITY[sdk=iphoneos*]" = "iPhone Developer";
				COPY_PHASE_STRIP = NO;
				DEBUG_INFORMATION_FORMAT = "dwarf-with-dsym";
				ENABLE_NS_ASSERTIONS = NO;
				ENABLE_STRICT_OBJC_MSGSEND = YES;
				GCC_C_LANGUAGE_STANDARD = gnu99;
				GCC_NO_COMMON_BLOCKS = YES;
				GCC_WARN_64_TO_32_BIT_CONVERSION = YES;
				GCC_WARN_ABOUT_RETURN_TYPE = YES_ERROR;
				GCC_WARN_UNDECLARED_SELECTOR = YES;
				GCC_WARN_UNINITIALIZED_AUTOS = YES_AGGRESSIVE;
				GCC_WARN_UNUSED_FUNCTION = YES;
				GCC_WARN_UNUSED_VARIABLE = YES;
				IPHONEOS_DEPLOYMENT_TARGET = 9.3;
				MTL_ENABLE_DEBUG_INFO = NO;
				SDKROOT = iphoneos;
				TARGETED_DEVICE_FAMILY = "1,2";
				VALIDATE_PRODUCT = YES;
			};
			name = Release;
		};
		C6D6535A1D1F045A00EA94E1 /* Debug */ = {
			isa = XCBuildConfiguration;
			buildSettings = {
				ASSETCATALOG_COMPILER_APPICON_NAME = AppIcon;
				CODE_SIGN_IDENTITY = "iPhone Developer";
				INFOPLIST_FILE = PizzaApp/Info.plist;
				IPHONEOS_DEPLOYMENT_TARGET = 9.2;
				LD_RUNPATH_SEARCH_PATHS = "$(inherited) @executable_path/Frameworks";
				PRODUCT_BUNDLE_IDENTIFIER = com.itesmlag.PizzaApp;
				PRODUCT_NAME = "$(TARGET_NAME)";
				TARGETED_DEVICE_FAMILY = 1;
			};
			name = Debug;
		};
		C6D6535B1D1F045A00EA94E1 /* Release */ = {
			isa = XCBuildConfiguration;
			buildSettings = {
				ASSETCATALOG_COMPILER_APPICON_NAME = AppIcon;
				CODE_SIGN_IDENTITY = "iPhone Developer";
				INFOPLIST_FILE = PizzaApp/Info.plist;
				IPHONEOS_DEPLOYMENT_TARGET = 9.2;
				LD_RUNPATH_SEARCH_PATHS = "$(inherited) @executable_path/Frameworks";
				PRODUCT_BUNDLE_IDENTIFIER = com.itesmlag.PizzaApp;
				PRODUCT_NAME = "$(TARGET_NAME)";
				TARGETED_DEVICE_FAMILY = 1;
			};
			name = Release;
		};
/* End XCBuildConfiguration section */

/* Begin XCConfigurationList section */
		C6D653421D1F045A00EA94E1 /* Build configuration list for PBXProject "PizzaApp" */ = {
			isa = XCConfigurationList;
			buildConfigurations = (
				C6D653571D1F045A00EA94E1 /* Debug */,
				C6D653581D1F045A00EA94E1 /* Release */,
			);
			defaultConfigurationIsVisible = 0;
			defaultConfigurationName = Release;
		};
		C6D653591D1F045A00EA94E1 /* Build configuration list for PBXNativeTarget "PizzaApp" */ = {
			isa = XCConfigurationList;
			buildConfigurations = (
				C6D6535A1D1F045A00EA94E1 /* Debug */,
				C6D6535B1D1F045A00EA94E1 /* Release */,
			);
			defaultConfigurationIsVisible = 0;
			defaultConfigurationName = Release;
		};
/* End XCConfigurationList section */
	};
	rootObject = C6D6533F1D1F045A00EA94E1 /* Project object */;
}
