// !$*UTF8*$!
{
	archiveVersion = 1;
	classes = {
	};
	objectVersion = 46;
	objects = {

/* Begin PBXBuildFile section */
		53AE6B2C1D288B5300E5F05B /* AppDelegate.swift in Sources */ = {isa = PBXBuildFile; fileRef = 53AE6B2B1D288B5300E5F05B /* AppDelegate.swift */; };
		53AE6B2E1D288B5300E5F05B /* ViewController.swift in Sources */ = {isa = PBXBuildFile; fileRef = 53AE6B2D1D288B5300E5F05B /* ViewController.swift */; };
		53AE6B311D288B5300E5F05B /* Main.storyboard in Resources */ = {isa = PBXBuildFile; fileRef = 53AE6B2F1D288B5300E5F05B /* Main.storyboard */; };
		53AE6B331D288B5300E5F05B /* Assets.xcassets in Resources */ = {isa = PBXBuildFile; fileRef = 53AE6B321D288B5300E5F05B /* Assets.xcassets */; };
		53AE6B361D288B5300E5F05B /* LaunchScreen.storyboard in Resources */ = {isa = PBXBuildFile; fileRef = 53AE6B341D288B5300E5F05B /* LaunchScreen.storyboard */; };
		53AE6B3E1D288B7B00E5F05B /* Datos.swift in Sources */ = {isa = PBXBuildFile; fileRef = 53AE6B3D1D288B7B00E5F05B /* Datos.swift */; };
/* End PBXBuildFile section */

/* Begin PBXFileReference section */
		53AE6B281D288B5300E5F05B /* Hamburguesas.app */ = {isa = PBXFileReference; explicitFileType = wrapper.application; includeInIndex = 0; path = Hamburguesas.app; sourceTree = BUILT_PRODUCTS_DIR; };
		53AE6B2B1D288B5300E5F05B /* AppDelegate.swift */ = {isa = PBXFileReference; lastKnownFileType = sourcecode.swift; path = AppDelegate.swift; sourceTree = "<group>"; };
		53AE6B2D1D288B5300E5F05B /* ViewController.swift */ = {isa = PBXFileReference; lastKnownFileType = sourcecode.swift; path = ViewController.swift; sourceTree = "<group>"; };
		53AE6B301D288B5300E5F05B /* Base */ = {isa = PBXFileReference; lastKnownFileType = file.storyboard; name = Base; path = Base.lproj/Main.storyboard; sourceTree = "<group>"; };
		53AE6B321D288B5300E5F05B /* Assets.xcassets */ = {isa = PBXFileReference; lastKnownFileType = folder.assetcatalog; path = Assets.xcassets; sourceTree = "<group>"; };
		53AE6B351D288B5300E5F05B /* Base */ = {isa = PBXFileReference; lastKnownFileType = file.storyboard; name = Base; path = Base.lproj/LaunchScreen.storyboard; sourceTree = "<group>"; };
		53AE6B371D288B5300E5F05B /* Info.plist */ = {isa = PBXFileReference; lastKnownFileType = text.plist.xml; path = Info.plist; sourceTree = "<group>"; };
		53AE6B3D1D288B7B00E5F05B /* Datos.swift */ = {isa = PBXFileReference; fileEncoding = 4; lastKnownFileType = sourcecode.swift; path = Datos.swift; sourceTree = "<group>"; };
/* End PBXFileReference section */

/* Begin PBXFrameworksBuildPhase section */
		53AE6B251D288B5300E5F05B /* Frameworks */ = {
			isa = PBXFrameworksBuildPhase;
			buildActionMask = 2147483647;
			files = (
			);
			runOnlyForDeploymentPostprocessing = 0;
		};
/* End PBXFrameworksBuildPhase section */

/* Begin PBXGroup section */
		53AE6B1F1D288B5300E5F05B = {
			isa = PBXGroup;
			children = (
				53AE6B2A1D288B5300E5F05B /* Hamburguesas */,
				53AE6B291D288B5300E5F05B /* Products */,
			);
			sourceTree = "<group>";
		};
		53AE6B291D288B5300E5F05B /* Products */ = {
			isa = PBXGroup;
			children = (
				53AE6B281D288B5300E5F05B /* Hamburguesas.app */,
			);
			name = Products;
			sourceTree = "<group>";
		};
		53AE6B2A1D288B5300E5F05B /* Hamburguesas */ = {
			isa = PBXGroup;
			children = (
				53AE6B2B1D288B5300E5F05B /* AppDelegate.swift */,
				53AE6B2D1D288B5300E5F05B /* ViewController.swift */,
				53AE6B2F1D288B5300E5F05B /* Main.storyboard */,
				53AE6B321D288B5300E5F05B /* Assets.xcassets */,
				53AE6B341D288B5300E5F05B /* LaunchScreen.storyboard */,
				53AE6B371D288B5300E5F05B /* Info.plist */,
				53AE6B3D1D288B7B00E5F05B /* Datos.swift */,
			);
			path = Hamburguesas;
			sourceTree = "<group>";
		};
/* End PBXGroup section */

/* Begin PBXNativeTarget section */
		53AE6B271D288B5300E5F05B /* Hamburguesas */ = {
			isa = PBXNativeTarget;
			buildConfigurationList = 53AE6B3A1D288B5300E5F05B /* Build configuration list for PBXNativeTarget "Hamburguesas" */;
			buildPhases = (
				53AE6B241D288B5300E5F05B /* Sources */,
				53AE6B251D288B5300E5F05B /* Frameworks */,
				53AE6B261D288B5300E5F05B /* Resources */,
			);
			buildRules = (
			);
			dependencies = (
			);
			name = Hamburguesas;
			productName = Hamburguesas;
			productReference = 53AE6B281D288B5300E5F05B /* Hamburguesas.app */;
			productType = "com.apple.product-type.application";
		};
/* End PBXNativeTarget section */

/* Begin PBXProject section */
		53AE6B201D288B5300E5F05B /* Project object */ = {
			isa = PBXProject;
			attributes = {
				LastSwiftUpdateCheck = 0730;
				LastUpgradeCheck = 0730;
				ORGANIZATIONNAME = "Edson Mojica";
				TargetAttributes = {
					53AE6B271D288B5300E5F05B = {
						CreatedOnToolsVersion = 7.3.1;
					};
				};
			};
			buildConfigurationList = 53AE6B231D288B5300E5F05B /* Build configuration list for PBXProject "Hamburguesas" */;
			compatibilityVersion = "Xcode 3.2";
			developmentRegion = English;
			hasScannedForEncodings = 0;
			knownRegions = (
				en,
				Base,
			);
			mainGroup = 53AE6B1F1D288B5300E5F05B;
			productRefGroup = 53AE6B291D288B5300E5F05B /* Products */;
			projectDirPath = "";
			projectRoot = "";
			targets = (
				53AE6B271D288B5300E5F05B /* Hamburguesas */,
			);
		};
/* End PBXProject section */

/* Begin PBXResourcesBuildPhase section */
		53AE6B261D288B5300E5F05B /* Resources */ = {
			isa = PBXResourcesBuildPhase;
			buildActionMask = 2147483647;
			files = (
				53AE6B361D288B5300E5F05B /* LaunchScreen.storyboard in Resources */,
				53AE6B331D288B5300E5F05B /* Assets.xcassets in Resources */,
				53AE6B311D288B5300E5F05B /* Main.storyboard in Resources */,
			);
			runOnlyForDeploymentPostprocessing = 0;
		};
/* End PBXResourcesBuildPhase section */

/* Begin PBXSourcesBuildPhase section */
		53AE6B241D288B5300E5F05B /* Sources */ = {
			isa = PBXSourcesBuildPhase;
			buildActionMask = 2147483647;
			files = (
				53AE6B2E1D288B5300E5F05B /* ViewController.swift in Sources */,
				53AE6B2C1D288B5300E5F05B /* AppDelegate.swift in Sources */,
				53AE6B3E1D288B7B00E5F05B /* Datos.swift in Sources */,
			);
			runOnlyForDeploymentPostprocessing = 0;
		};
/* End PBXSourcesBuildPhase section */

/* Begin PBXVariantGroup section */
		53AE6B2F1D288B5300E5F05B /* Main.storyboard */ = {
			isa = PBXVariantGroup;
			children = (
				53AE6B301D288B5300E5F05B /* Base */,
			);
			name = Main.storyboard;
			sourceTree = "<group>";
		};
		53AE6B341D288B5300E5F05B /* LaunchScreen.storyboard */ = {
			isa = PBXVariantGroup;
			children = (
				53AE6B351D288B5300E5F05B /* Base */,
			);
			name = LaunchScreen.storyboard;
			sourceTree = "<group>";
		};
/* End PBXVariantGroup section */

/* Begin XCBuildConfiguration section */
		53AE6B381D288B5300E5F05B /* Debug */ = {
			isa = XCBuildConfiguration;
			buildSettings = {
				ALWAYS_SEARCH_USER_PATHS = NO;
				CLANG_ANALYZER_NONNULL = YES;
				CLANG_CXX_LANGUAGE_STANDARD = "gnu++0x";
				CLANG_CXX_LIBRARY = "libc++";
				CLANG_ENABLE_MODULES = YES;
				CLANG_ENABLE_OBJC_ARC = YES;
				CLANG_WARN_BOOL_CONVERSION = YES;
				CLANG_WARN_CONSTANT_CONVERSION = YES;
				CLANG_WARN_DIRECT_OBJC_ISA_USAGE = YES_ERROR;
				CLANG_WARN_EMPTY_BODY = YES;
				CLANG_WARN_ENUM_CONVERSION = YES;
				CLANG_WARN_INT_CONVERSION = YES;
				CLANG_WARN_OBJC_ROOT_CLASS = YES_ERROR;
				CLANG_WARN_UNREACHABLE_CODE = YES;
				CLANG_WARN__DUPLICATE_METHOD_MATCH = YES;
				"CODE_SIGN_IDENTITY[sdk=iphoneos*]" = "iPhone Developer";
				COPY_PHASE_STRIP = NO;
				DEBUG_INFORMATION_FORMAT = dwarf;
				ENABLE_STRICT_OBJC_MSGSEND = YES;
				ENABLE_TESTABILITY = YES;
				GCC_C_LANGUAGE_STANDARD = gnu99;
				GCC_DYNAMIC_NO_PIC = NO;
				GCC_NO_COMMON_BLOCKS = YES;
				GCC_OPTIMIZATION_LEVEL = 0;
				GCC_PREPROCESSOR_DEFINITIONS = (
					"DEBUG=1",
					"$(inherited)",
				);
				GCC_WARN_64_TO_32_BIT_CONVERSION = YES;
				GCC_WARN_ABOUT_RETURN_TYPE = YES_ERROR;
				GCC_WARN_UNDECLARED_SELECTOR = YES;
				GCC_WARN_UNINITIALIZED_AUTOS = YES_AGGRESSIVE;
				GCC_WARN_UNUSED_FUNCTION = YES;
				GCC_WARN_UNUSED_VARIABLE = YES;
				IPHONEOS_DEPLOYMENT_TARGET = 9.3;
				MTL_ENABLE_DEBUG_INFO = YES;
				ONLY_ACTIVE_ARCH = YES;
				SDKROOT = iphoneos;
				SWIFT_OPTIMIZATION_LEVEL = "-Onone";
			};
			name = Debug;
		};
		53AE6B391D288B5300E5F05B /* Release */ = {
			isa = XCBuildConfiguration;
			buildSettings = {
				ALWAYS_SEARCH_USER_PATHS = NO;
				CLANG_ANALYZER_NONNULL = YES;
				CLANG_CXX_LANGUAGE_STANDARD = "gnu++0x";
				CLANG_CXX_LIBRARY = "libc++";
				CLANG_ENABLE_MODULES = YES;
				CLANG_ENABLE_OBJC_ARC = YES;
				CLANG_WARN_BOOL_CONVERSION = YES;
				CLANG_WARN_CONSTANT_CONVERSION = YES;
				CLANG_WARN_DIRECT_OBJC_ISA_USAGE = YES_ERROR;
				CLANG_WARN_EMPTY_BODY = YES;
				CLANG_WARN_ENUM_CONVERSION = YES;
				CLANG_WARN_INT_CONVERSION = YES;
				CLANG_WARN_OBJC_ROOT_CLASS = YES_ERROR;
				CLANG_WARN_UNREACHABLE_CODE = YES;
				CLANG_WARN__DUPLICATE_METHOD_MATCH = YES;
				"CODE_SIGN_IDENTITY[sdk=iphoneos*]" = "iPhone Developer";
				COPY_PHASE_STRIP = NO;
				DEBUG_INFORMATION_FORMAT = "dwarf-with-dsym";
				ENABLE_NS_ASSERTIONS = NO;
				ENABLE_STRICT_OBJC_MSGSEND = YES;
				GCC_C_LANGUAGE_STANDARD = gnu99;
				GCC_NO_COMMON_BLOCKS = YES;
				GCC_WARN_64_TO_32_BIT_CONVERSION = YES;
				GCC_WARN_ABOUT_RETURN_TYPE = YES_ERROR;
				GCC_WARN_UNDECLARED_SELECTOR = YES;
				GCC_WARN_UNINITIALIZED_AUTOS = YES_AGGRESSIVE;
				GCC_WARN_UNUSED_FUNCTION = YES;
				GCC_WARN_UNUSED_VARIABLE = YES;
				IPHONEOS_DEPLOYMENT_TARGET = 9.3;
				MTL_ENABLE_DEBUG_INFO = NO;
				SDKROOT = iphoneos;
				VALIDATE_PRODUCT = YES;
			};
			name = Release;
		};
		53AE6B3B1D288B5300E5F05B /* Debug */ = {
			isa = XCBuildConfiguration;
			buildSettings = {
				ASSETCATALOG_COMPILER_APPICON_NAME = AppIcon;
				INFOPLIST_FILE = Hamburguesas/Info.plist;
				LD_RUNPATH_SEARCH_PATHS = "$(inherited) @executable_path/Frameworks";
				PRODUCT_BUNDLE_IDENTIFIER = edmojica.Hamburguesas;
				PRODUCT_NAME = "$(TARGET_NAME)";
			};
			name = Debug;
		};
		53AE6B3C1D288B5300E5F05B /* Release */ = {
			isa = XCBuildConfiguration;
			buildSettings = {
				ASSETCATALOG_COMPILER_APPICON_NAME = AppIcon;
				INFOPLIST_FILE = Hamburguesas/Info.plist;
				LD_RUNPATH_SEARCH_PATHS = "$(inherited) @executable_path/Frameworks";
				PRODUCT_BUNDLE_IDENTIFIER = edmojica.Hamburguesas;
				PRODUCT_NAME = "$(TARGET_NAME)";
			};
			name = Release;
		};
/* End XCBuildConfiguration section */

/* Begin XCConfigurationList section */
		53AE6B231D288B5300E5F05B /* Build configuration list for PBXProject "Hamburguesas" */ = {
			isa = XCConfigurationList;
			buildConfigurations = (
				53AE6B381D288B5300E5F05B /* Debug */,
				53AE6B391D288B5300E5F05B /* Release */,
			);
			defaultConfigurationIsVisible = 0;
			defaultConfigurationName = Release;
		};
		53AE6B3A1D288B5300E5F05B /* Build configuration list for PBXNativeTarget "Hamburguesas" */ = {
			isa = XCConfigurationList;
			buildConfigurations = (
				53AE6B3B1D288B5300E5F05B /* Debug */,
				53AE6B3C1D288B5300E5F05B /* Release */,
			);
			defaultConfigurationIsVisible = 0;
		};
/* End XCConfigurationList section */
	};
	rootObject = 53AE6B201D288B5300E5F05B /* Project object */;
}
